
Microsoft Visual Studio Solution File, Format Version 12.00
# Visual Studio Version 16
VisualStudioVersion = 16.0.31727.386
MinimumVisualStudioVersion = 10.0.40219.1
Project("{9A19103F-16F7-4668-BE54-9A1E7A4F7556}") = "RT1.Web", "RT1.Web\RT1.Web.csproj", "{42219327-1A17-4185-8CE3-7A5B50D2F23E}"
EndProject
Project("{9A19103F-16F7-4668-BE54-9A1E7A4F7556}") = "RT1.Model.Objects", "RT1.Model.Objects\RT1.Model.Objects.csproj", "{B103DDE3-6CEA-4A87-8295-D975E2E23975}"
EndProject
Project("{9A19103F-16F7-4668-BE54-9A1E7A4F7556}") = "RT1.Model.Dtos", "RT1.Model.Dtos\RT1.Model.Dtos.csproj", "{E3D978C6-F0D8-456A-8DB7-4FB97D7C2D5B}"
EndProject
Project("{9A19103F-16F7-4668-BE54-9A1E7A4F7556}") = "RT1.Business", "RT1.Business\RT1.Business.csproj", "{F2A92E12-C769-4B04-8DBD-A12DD0DE2E79}"
EndProject
Project("{9A19103F-16F7-4668-BE54-9A1E7A4F7556}") = "RT1.DataProviders", "RT1.DataProviders\RT1.DataProviders.csproj", "{D0B40C2A-92FA-4EC1-9B3B-93DB11C09F28}"
EndProject
Project("{9A19103F-16F7-4668-BE54-9A1E7A4F7556}") = "RT1.Configurations", "RT1.Configurations\RT1.Configurations.csproj", "{27769B49-ACCC-4608-A28A-C9EC5C099688}"
EndProject
Project("{9A19103F-16F7-4668-BE54-9A1E7A4F7556}") = "RT1.Business.Tests", "RT1.Business.Tests\RT1.Business.Tests.csproj", "{E74A2A3B-578B-4AB3-B402-63AE355DF927}"
EndProject
Project("{9A19103F-16F7-4668-BE54-9A1E7A4F7556}") = "RT1.DataProviders.Tests", "RT1.DataProviders.Tests\RT1.DataProviders.Tests.csproj", "{4DD5D1DB-4155-4CB2-8ABD-385141C2962B}"
EndProject
Project("{2150E333-8FDC-42A3-9474-1A3956D46DE8}") = "Tests", "Tests", "{542A903E-2DE6-4E50-A3F6-065881D34BDD}"
EndProject
Project("{2150E333-8FDC-42A3-9474-1A3956D46DE8}") = "Application", "Application", "{C591B2CA-C62C-48A3-854B-67DBA2D60289}"
EndProject
Project("{FAE04EC0-301F-11D3-BF4B-00C04F79EFBC}") = "RT1.Implementations.DataProviders", "RT1.Implementations.DataProviders\RT1.Implementations.DataProviders.csproj", "{3AD8E502-7813-417A-8479-746A49A5BA1C}"
EndProject
Project("{FAE04EC0-301F-11D3-BF4B-00C04F79EFBC}") = "RT1.Implementations.Services", "RT1.Implementations.Services\RT1.Implementations.Services.csproj", "{7DCAF437-A978-4D1B-BA5E-7BF959F29CC2}"
EndProject
Project("{FAE04EC0-301F-11D3-BF4B-00C04F79EFBC}") = "RT1.Configurations.Tests", "RT1.Configurations.Tests\RT1.Configurations.Tests.csproj", "{19E469D5-677C-4ADB-9EA2-6E2708101EFF}"
EndProject
Global
	GlobalSection(SolutionConfigurationPlatforms) = preSolution
		Debug|Any CPU = Debug|Any CPU
		Release|Any CPU = Release|Any CPU
	EndGlobalSection
	GlobalSection(ProjectConfigurationPlatforms) = postSolution
		{42219327-1A17-4185-8CE3-7A5B50D2F23E}.Debug|Any CPU.ActiveCfg = Debug|Any CPU
		{42219327-1A17-4185-8CE3-7A5B50D2F23E}.Debug|Any CPU.Build.0 = Debug|Any CPU
		{42219327-1A17-4185-8CE3-7A5B50D2F23E}.Release|Any CPU.ActiveCfg = Release|Any CPU
		{42219327-1A17-4185-8CE3-7A5B50D2F23E}.Release|Any CPU.Build.0 = Release|Any CPU
		{B103DDE3-6CEA-4A87-8295-D975E2E23975}.Debug|Any CPU.ActiveCfg = Debug|Any CPU
		{B103DDE3-6CEA-4A87-8295-D975E2E23975}.Debug|Any CPU.Build.0 = Debug|Any CPU
		{B103DDE3-6CEA-4A87-8295-D975E2E23975}.Release|Any CPU.ActiveCfg = Release|Any CPU
		{B103DDE3-6CEA-4A87-8295-D975E2E23975}.Release|Any CPU.Build.0 = Release|Any CPU
		{E3D978C6-F0D8-456A-8DB7-4FB97D7C2D5B}.Debug|Any CPU.ActiveCfg = Debug|Any CPU
		{E3D978C6-F0D8-456A-8DB7-4FB97D7C2D5B}.Debug|Any CPU.Build.0 = Debug|Any CPU
		{E3D978C6-F0D8-456A-8DB7-4FB97D7C2D5B}.Release|Any CPU.ActiveCfg = Release|Any CPU
		{E3D978C6-F0D8-456A-8DB7-4FB97D7C2D5B}.Release|Any CPU.Build.0 = Release|Any CPU
		{F2A92E12-C769-4B04-8DBD-A12DD0DE2E79}.Debug|Any CPU.ActiveCfg = Debug|Any CPU
		{F2A92E12-C769-4B04-8DBD-A12DD0DE2E79}.Debug|Any CPU.Build.0 = Debug|Any CPU
		{F2A92E12-C769-4B04-8DBD-A12DD0DE2E79}.Release|Any CPU.ActiveCfg = Release|Any CPU
		{F2A92E12-C769-4B04-8DBD-A12DD0DE2E79}.Release|Any CPU.Build.0 = Release|Any CPU
		{D0B40C2A-92FA-4EC1-9B3B-93DB11C09F28}.Debug|Any CPU.ActiveCfg = Debug|Any CPU
		{D0B40C2A-92FA-4EC1-9B3B-93DB11C09F28}.Debug|Any CPU.Build.0 = Debug|Any CPU
		{D0B40C2A-92FA-4EC1-9B3B-93DB11C09F28}.Release|Any CPU.ActiveCfg = Release|Any CPU
		{D0B40C2A-92FA-4EC1-9B3B-93DB11C09F28}.Release|Any CPU.Build.0 = Release|Any CPU
		{27769B49-ACCC-4608-A28A-C9EC5C099688}.Debug|Any CPU.ActiveCfg = Debug|Any CPU
		{27769B49-ACCC-4608-A28A-C9EC5C099688}.Debug|Any CPU.Build.0 = Debug|Any CPU
		{27769B49-ACCC-4608-A28A-C9EC5C099688}.Release|Any CPU.ActiveCfg = Release|Any CPU
		{27769B49-ACCC-4608-A28A-C9EC5C099688}.Release|Any CPU.Build.0 = Release|Any CPU
		{E74A2A3B-578B-4AB3-B402-63AE355DF927}.Debug|Any CPU.ActiveCfg = Debug|Any CPU
		{E74A2A3B-578B-4AB3-B402-63AE355DF927}.Debug|Any CPU.Build.0 = Debug|Any CPU
		{E74A2A3B-578B-4AB3-B402-63AE355DF927}.Release|Any CPU.ActiveCfg = Release|Any CPU
		{E74A2A3B-578B-4AB3-B402-63AE355DF927}.Release|Any CPU.Build.0 = Release|Any CPU
		{4DD5D1DB-4155-4CB2-8ABD-385141C2962B}.Debug|Any CPU.ActiveCfg = Debug|Any CPU
		{4DD5D1DB-4155-4CB2-8ABD-385141C2962B}.Debug|Any CPU.Build.0 = Debug|Any CPU
		{4DD5D1DB-4155-4CB2-8ABD-385141C2962B}.Release|Any CPU.ActiveCfg = Release|Any CPU
		{4DD5D1DB-4155-4CB2-8ABD-385141C2962B}.Release|Any CPU.Build.0 = Release|Any CPU
		{3AD8E502-7813-417A-8479-746A49A5BA1C}.Debug|Any CPU.ActiveCfg = Debug|Any CPU
		{3AD8E502-7813-417A-8479-746A49A5BA1C}.Debug|Any CPU.Build.0 = Debug|Any CPU
		{3AD8E502-7813-417A-8479-746A49A5BA1C}.Release|Any CPU.ActiveCfg = Release|Any CPU
		{3AD8E502-7813-417A-8479-746A49A5BA1C}.Release|Any CPU.Build.0 = Release|Any CPU
		{7DCAF437-A978-4D1B-BA5E-7BF959F29CC2}.Debug|Any CPU.ActiveCfg = Debug|Any CPU
		{7DCAF437-A978-4D1B-BA5E-7BF959F29CC2}.Debug|Any CPU.Build.0 = Debug|Any CPU
		{7DCAF437-A978-4D1B-BA5E-7BF959F29CC2}.Release|Any CPU.ActiveCfg = Release|Any CPU
		{7DCAF437-A978-4D1B-BA5E-7BF959F29CC2}.Release|Any CPU.Build.0 = Release|Any CPU
		{19E469D5-677C-4ADB-9EA2-6E2708101EFF}.Debug|Any CPU.ActiveCfg = Debug|Any CPU
		{19E469D5-677C-4ADB-9EA2-6E2708101EFF}.Debug|Any CPU.Build.0 = Debug|Any CPU
		{19E469D5-677C-4ADB-9EA2-6E2708101EFF}.Release|Any CPU.ActiveCfg = Release|Any CPU
		{19E469D5-677C-4ADB-9EA2-6E2708101EFF}.Release|Any CPU.Build.0 = Release|Any CPU
	EndGlobalSection
	GlobalSection(SolutionProperties) = preSolution
		HideSolutionNode = FALSE
	EndGlobalSection
	GlobalSection(NestedProjects) = preSolution
		{42219327-1A17-4185-8CE3-7A5B50D2F23E} = {C591B2CA-C62C-48A3-854B-67DBA2D60289}
		{B103DDE3-6CEA-4A87-8295-D975E2E23975} = {C591B2CA-C62C-48A3-854B-67DBA2D60289}
		{E3D978C6-F0D8-456A-8DB7-4FB97D7C2D5B} = {C591B2CA-C62C-48A3-854B-67DBA2D60289}
		{F2A92E12-C769-4B04-8DBD-A12DD0DE2E79} = {C591B2CA-C62C-48A3-854B-67DBA2D60289}
		{D0B40C2A-92FA-4EC1-9B3B-93DB11C09F28} = {C591B2CA-C62C-48A3-854B-67DBA2D60289}
		{27769B49-ACCC-4608-A28A-C9EC5C099688} = {C591B2CA-C62C-48A3-854B-67DBA2D60289}
		{E74A2A3B-578B-4AB3-B402-63AE355DF927} = {542A903E-2DE6-4E50-A3F6-065881D34BDD}
		{4DD5D1DB-4155-4CB2-8ABD-385141C2962B} = {542A903E-2DE6-4E50-A3F6-065881D34BDD}
		{3AD8E502-7813-417A-8479-746A49A5BA1C} = {C591B2CA-C62C-48A3-854B-67DBA2D60289}
		{7DCAF437-A978-4D1B-BA5E-7BF959F29CC2} = {C591B2CA-C62C-48A3-854B-67DBA2D60289}
		{19E469D5-677C-4ADB-9EA2-6E2708101EFF} = {542A903E-2DE6-4E50-A3F6-065881D34BDD}
	EndGlobalSection
	GlobalSection(ExtensibilityGlobals) = postSolution
		SolutionGuid = {7FED25DC-556D-48CB-99C3-23F50199C2E9}
	EndGlobalSection
EndGlobal
